<?xml version="1.0" encoding="utf-8"?>
<Project ToolsVersion="4.0" xmlns="http://schemas.microsoft.com/developer/msbuild/2003">
  <ItemGroup>
    <Filter Include="GameObjects">
      <UniqueIdentifier>{4aa05662-f0b8-4cf1-8cc7-104d12636979}</UniqueIdentifier>
    </Filter>
    <Filter Include="Game">
      <UniqueIdentifier>{4FC737F1-C7A5-4376-A066-2A32D752A2FF}</UniqueIdentifier>
      <Extensions>cpp;c;cc;cxx;def;odl;idl;hpj;bat;asm;asmx</Extensions>
    </Filter>
    <Filter Include="Managers">
      <UniqueIdentifier>{93995380-89BD-4b04-88EB-625FBE52EBFB}</UniqueIdentifier>
      <Extensions>h;hh;hpp;hxx;hm;inl;inc;xsd</Extensions>
    </Filter>
    <Filter Include="SceneObjects">
      <UniqueIdentifier>{fc505f51-26bb-49bd-8fb0-04f51fcab023}</UniqueIdentifier>
    </Filter>
  </ItemGroup>
  <ItemGroup>
    <ClCompile Include="Main.cpp">
      <Filter>Game</Filter>
    </ClCompile>
    <ClCompile Include="Object.cpp">
      <Filter>GameObjects</Filter>
    </ClCompile>
    <ClCompile Include="Rana.cpp">
      <Filter>GameObjects</Filter>
    </ClCompile>
    <ClCompile Include="GameManager.cpp">
      <Filter>Managers</Filter>
    </ClCompile>
    <ClCompile Include="DynamicObject.cpp">
      <Filter>GameObjects</Filter>
    </ClCompile>
    <ClCompile Include="GameScene.cpp">
      <Filter>SceneObjects</Filter>
    </ClCompile>
    <ClCompile Include="MenuScene.cpp">
      <Filter>SceneObjects</Filter>
    </ClCompile>
    <ClCompile Include="Scene.cpp">
      <Filter>SceneObjects</Filter>
    </ClCompile>
    <ClCompile Include="DifficultyScene.cpp">
      <Filter>SceneObjects</Filter>
    </ClCompile>
    <ClCompile Include="GameOverScene.cpp">
      <Filter>SceneObjects</Filter>
    </ClCompile>
    <ClCompile Include="RankingScene.cpp">
      <Filter>SceneObjects</Filter>
    </ClCompile>
  </ItemGroup>
  <ItemGroup>
    <ClInclude Include="Object.h">
      <Filter>GameObjects</Filter>
    </ClInclude>
    <ClInclude Include="Rana.h">
      <Filter>GameObjects</Filter>
    </ClInclude>
    <ClInclude Include="Utilities.h">
      <Filter>Managers</Filter>
    </ClInclude>
    <ClInclude Include="GameManager.h">
      <Filter>Managers</Filter>
    </ClInclude>
    <ClInclude Include="DynamicObject.h">
      <Filter>GameObjects</Filter>
    </ClInclude>
    <ClInclude Include="FileManager.h">
      <Filter>Managers</Filter>
    </ClInclude>
    <ClInclude Include="GameScene.h">
      <Filter>SceneObjects</Filter>
    </ClInclude>
    <ClInclude Include="MenuScene.h">
      <Filter>SceneObjects</Filter>
    </ClInclude>
    <ClInclude Include="Scene.h">
      <Filter>SceneObjects</Filter>
    </ClInclude>
    <ClInclude Include="DifficultyScene.h">
      <Filter>SceneObjects</Filter>
    </ClInclude>
    <ClInclude Include="Enumerators.h">
      <Filter>Managers</Filter>
    </ClInclude>
    <ClInclude Include="GameOverScene.h">
      <Filter>SceneObjects</Filter>
    </ClInclude>
    <ClInclude Include="Ranking.h">
      <Filter>Managers</Filter>
    </ClInclude>
    <ClInclude Include="RankingScene.h">
      <Filter>SceneObjects</Filter>
    </ClInclude>
  </ItemGroup>
</Project>